
Microsoft Visual Studio Solution File, Format Version 12.00
# Visual Studio Version 16
VisualStudioVersion = 16.0.32413.511
MinimumVisualStudioVersion = 10.0.40219.1
Project("{FAE04EC0-301F-11D3-BF4B-00C04F79EFBC}") = "Consulta-VIA-Cep", "Consulta-VIA-Cep.csproj", "{21DBCAC8-D406-4B92-B6BF-61BB89FDE9AB}"
EndProject
Global
	GlobalSection(SolutionConfigurationPlatforms) = preSolution
		Debug|Any CPU = Debug|Any CPU
		Release|Any CPU = Release|Any CPU
	EndGlobalSection
	GlobalSection(ProjectConfigurationPlatforms) = postSolution
		{21DBCAC8-D406-4B92-B6BF-61BB89FDE9AB}.Debug|Any CPU.ActiveCfg = Debug|Any CPU
		{21DBCAC8-D406-4B92-B6BF-61BB89FDE9AB}.Debug|Any CPU.Build.0 = Debug|Any CPU
		{21DBCAC8-D406-4B92-B6BF-61BB89FDE9AB}.Release|Any CPU.ActiveCfg = Release|Any CPU
		{21DBCAC8-D406-4B92-B6BF-61BB89FDE9AB}.Release|Any CPU.Build.0 = Release|Any CPU
	EndGlobalSection
	GlobalSection(SolutionProperties) = preSolution
		HideSolutionNode = FALSE
	EndGlobalSection
	GlobalSection(ExtensibilityGlobals) = postSolution
		SolutionGuid = {03B0226A-078D-4F9C-9358-E8E1BFD57F82}
	EndGlobalSection
EndGlobal
